// !$*UTF8*$!
{
	archiveVersion = 1;
	classes = {
	};
	objectVersion = 51;
	objects = {

/* Begin PBXBuildFile section */
		3F94ADEF392CEA5B00C3680D /* Pods_AqarakTests.framework in Frameworks */ = {isa = PBXBuildFile; fileRef = 53EDA6D5174D7E8C428D3384 /* Pods_AqarakTests.framework */; };
		42B8E1E94DD4905F56A81F03 /* Pods_Aqarak_AqarakUITests.framework in Frameworks */ = {isa = PBXBuildFile; fileRef = 52F734035B456D5D22D11143 /* Pods_Aqarak_AqarakUITests.framework */; };
		75B42AA43A41201B006FBC3D /* Pods_Aqarak.framework in Frameworks */ = {isa = PBXBuildFile; fileRef = AB873C05B0C828008E2C4296 /* Pods_Aqarak.framework */; };
		FA7546A326BEA1AE00C0C4D9 /* AqarakApp.swift in Sources */ = {isa = PBXBuildFile; fileRef = FA7546A226BEA1AE00C0C4D9 /* AqarakApp.swift */; };
		FA7546A526BEA1AE00C0C4D9 /* ContentView.swift in Sources */ = {isa = PBXBuildFile; fileRef = FA7546A426BEA1AE00C0C4D9 /* ContentView.swift */; };
		FA7546A726BEA1AF00C0C4D9 /* Assets.xcassets in Resources */ = {isa = PBXBuildFile; fileRef = FA7546A626BEA1AF00C0C4D9 /* Assets.xcassets */; };
		FA7546AA26BEA1AF00C0C4D9 /* Preview Assets.xcassets in Resources */ = {isa = PBXBuildFile; fileRef = FA7546A926BEA1AF00C0C4D9 /* Preview Assets.xcassets */; };
		FA7546B526BEA1B000C0C4D9 /* AqarakTests.swift in Sources */ = {isa = PBXBuildFile; fileRef = FA7546B426BEA1B000C0C4D9 /* AqarakTests.swift */; };
		FA7546C026BEA1B000C0C4D9 /* AqarakUITests.swift in Sources */ = {isa = PBXBuildFile; fileRef = FA7546BF26BEA1B000C0C4D9 /* AqarakUITests.swift */; };
		FA7546CF26BEA49C00C0C4D9 /* Splash.swift in Sources */ = {isa = PBXBuildFile; fileRef = FA7546CE26BEA49C00C0C4D9 /* Splash.swift */; };
		FA7546D326BEA51900C0C4D9 /* VarUserDefault.swift in Sources */ = {isa = PBXBuildFile; fileRef = FA7546D226BEA51900C0C4D9 /* VarUserDefault.swift */; };
		FA7546D526BEA52600C0C4D9 /* ObjectUserDefault.swift in Sources */ = {isa = PBXBuildFile; fileRef = FA7546D426BEA52600C0C4D9 /* ObjectUserDefault.swift */; };
		FA7546D826BEA78500C0C4D9 /* AppInto.swift in Sources */ = {isa = PBXBuildFile; fileRef = FA7546D726BEA78500C0C4D9 /* AppInto.swift */; };
		FA7546DB26BEA81E00C0C4D9 /* SignIn.swift in Sources */ = {isa = PBXBuildFile; fileRef = FA7546DA26BEA81E00C0C4D9 /* SignIn.swift */; };
		FA7546DE26BEA86600C0C4D9 /* Home.swift in Sources */ = {isa = PBXBuildFile; fileRef = FA7546DD26BEA86600C0C4D9 /* Home.swift */; };
		FA7546E326BEA8DB00C0C4D9 /* keyboardEx.swift in Sources */ = {isa = PBXBuildFile; fileRef = FA7546E226BEA8DB00C0C4D9 /* keyboardEx.swift */; };
		FA7546E526BEAC3500C0C4D9 /* OnboardingViewOne.swift in Sources */ = {isa = PBXBuildFile; fileRef = FA7546E426BEAC3500C0C4D9 /* OnboardingViewOne.swift */; };
		FA7546E726BEAC5500C0C4D9 /* OnboardingViewThree.swift in Sources */ = {isa = PBXBuildFile; fileRef = FA7546E626BEAC5500C0C4D9 /* OnboardingViewThree.swift */; };
		FA7546E926BEAC7200C0C4D9 /* OnboardingViewTwo.swift in Sources */ = {isa = PBXBuildFile; fileRef = FA7546E826BEAC7200C0C4D9 /* OnboardingViewTwo.swift */; };
		FA7546ED26BEB11C00C0C4D9 /* Cairo-Light.ttf in Resources */ = {isa = PBXBuildFile; fileRef = FA7546EB26BEB11C00C0C4D9 /* Cairo-Light.ttf */; };
		FA7546EE26BEB11C00C0C4D9 /* Cairo-Black.ttf in Resources */ = {isa = PBXBuildFile; fileRef = FA7546EC26BEB11C00C0C4D9 /* Cairo-Black.ttf */; };
		FA7546F126BEB15200C0C4D9 /* Fount.swift in Sources */ = {isa = PBXBuildFile; fileRef = FA7546F026BEB15200C0C4D9 /* Fount.swift */; };
		FA7546F426BEB73500C0C4D9 /* ColorExt.swift in Sources */ = {isa = PBXBuildFile; fileRef = FA7546F326BEB73500C0C4D9 /* ColorExt.swift */; };
		FA7546F626BEBE1000C0C4D9 /* CTFStyleClearBackground.swift in Sources */ = {isa = PBXBuildFile; fileRef = FA7546F526BEBE1000C0C4D9 /* CTFStyleClearBackground.swift */; };
		FA7546F926BEBE6C00C0C4D9 /* FountEx.swift in Sources */ = {isa = PBXBuildFile; fileRef = FA7546F826BEBE6C00C0C4D9 /* FountEx.swift */; };
		FA7546FC26BEBF3200C0C4D9 /* TextBindingManager.swift in Sources */ = {isa = PBXBuildFile; fileRef = FA7546FB26BEBF3200C0C4D9 /* TextBindingManager.swift */; };
		FA7546FF26BEC62900C0C4D9 /* DateFunc.swift in Sources */ = {isa = PBXBuildFile; fileRef = FA7546FE26BEC62900C0C4D9 /* DateFunc.swift */; };
		FA75470126BEC63B00C0C4D9 /* StringFunc.swift in Sources */ = {isa = PBXBuildFile; fileRef = FA75470026BEC63B00C0C4D9 /* StringFunc.swift */; };
		FA75470426BEC69600C0C4D9 /* Connection.swift in Sources */ = {isa = PBXBuildFile; fileRef = FA75470326BEC69600C0C4D9 /* Connection.swift */; };
		FA75470626BEC6D600C0C4D9 /* RestAPI.swift in Sources */ = {isa = PBXBuildFile; fileRef = FA75470526BEC6D600C0C4D9 /* RestAPI.swift */; };
		FA75470926BECBA200C0C4D9 /* Menue_Button.swift in Sources */ = {isa = PBXBuildFile; fileRef = FA75470826BECBA200C0C4D9 /* Menue_Button.swift */; };
		FA75470B26BECC8200C0C4D9 /* menue_button_name.swift in Sources */ = {isa = PBXBuildFile; fileRef = FA75470A26BECC8200C0C4D9 /* menue_button_name.swift */; };
		FA75470E26BED35B00C0C4D9 /* About.swift in Sources */ = {isa = PBXBuildFile; fileRef = FA75470D26BED35B00C0C4D9 /* About.swift */; };
		FA75471026BED36800C0C4D9 /* Fav.swift in Sources */ = {isa = PBXBuildFile; fileRef = FA75470F26BED36800C0C4D9 /* Fav.swift */; };
		FA75471226BED38400C0C4D9 /* Profile.swift in Sources */ = {isa = PBXBuildFile; fileRef = FA75471126BED38400C0C4D9 /* Profile.swift */; };
		FA75471526BED66F00C0C4D9 /* BackButton.swift in Sources */ = {isa = PBXBuildFile; fileRef = FA75471426BED66F00C0C4D9 /* BackButton.swift */; };
		FA75471726BEDF5E00C0C4D9 /* checkEmailValid.swift in Sources */ = {isa = PBXBuildFile; fileRef = FA75471626BEDF5E00C0C4D9 /* checkEmailValid.swift */; };
		FA75471926BEE1A000C0C4D9 /* PlanetProduct.swift in Sources */ = {isa = PBXBuildFile; fileRef = FA75471826BEE1A000C0C4D9 /* PlanetProduct.swift */; };
		FA75471B26BEE1AF00C0C4D9 /* PlanetDetails.swift in Sources */ = {isa = PBXBuildFile; fileRef = FA75471A26BEE1AF00C0C4D9 /* PlanetDetails.swift */; };
		FA75471F26BEE2A300C0C4D9 /* plantModal.swift in Sources */ = {isa = PBXBuildFile; fileRef = FA75471E26BEE2A300C0C4D9 /* plantModal.swift */; };
		FA75472126BEE31900C0C4D9 /* PlanetViewModal.swift in Sources */ = {isa = PBXBuildFile; fileRef = FA75472026BEE31900C0C4D9 /* PlanetViewModal.swift */; };
		FA75472326BEE54600C0C4D9 /* AsyncImage.swift in Sources */ = {isa = PBXBuildFile; fileRef = FA75472226BEE54600C0C4D9 /* AsyncImage.swift */; };
		FA75472826BEE5F700C0C4D9 /* ImageLoader.swift in Sources */ = {isa = PBXBuildFile; fileRef = FA75472526BEE5F700C0C4D9 /* ImageLoader.swift */; };
		FA75472926BEE5F700C0C4D9 /* TemporaryImageCache.swift in Sources */ = {isa = PBXBuildFile; fileRef = FA75472626BEE5F700C0C4D9 /* TemporaryImageCache.swift */; };
		FA75472A26BEE5F700C0C4D9 /* ImageCacheKey.swift in Sources */ = {isa = PBXBuildFile; fileRef = FA75472726BEE5F700C0C4D9 /* ImageCacheKey.swift */; };
		FA75472C26BEEFC700C0C4D9 /* Planet_Action_Button.swift in Sources */ = {isa = PBXBuildFile; fileRef = FA75472B26BEEFC700C0C4D9 /* Planet_Action_Button.swift */; };
		FA75472E26BEF58E00C0C4D9 /* FaveorateViewModal.swift in Sources */ = {isa = PBXBuildFile; fileRef = FA75472D26BEF58E00C0C4D9 /* FaveorateViewModal.swift */; };
		FA75473126BEFC7800C0C4D9 /* GoogleMapsView.swift in Sources */ = {isa = PBXBuildFile; fileRef = FA75473026BEFC7800C0C4D9 /* GoogleMapsView.swift */; };
		FA75473326BF00CE00C0C4D9 /* Mapview.swift in Sources */ = {isa = PBXBuildFile; fileRef = FA75473226BF00CE00C0C4D9 /* Mapview.swift */; };
		FA75473626BF023700C0C4D9 /* LocationManager.swift in Sources */ = {isa = PBXBuildFile; fileRef = FA75473526BF023700C0C4D9 /* LocationManager.swift */; };
		FA75473926BFCE3100C0C4D9 /* PDFKitRepresentedView.swift in Sources */ = {isa = PBXBuildFile; fileRef = FA75473826BFCE3100C0C4D9 /* PDFKitRepresentedView.swift */; };
/* End PBXBuildFile section */

/* Begin PBXContainerItemProxy section */
		FA7546B126BEA1B000C0C4D9 /* PBXContainerItemProxy */ = {
			isa = PBXContainerItemProxy;
			containerPortal = FA75469726BEA1AE00C0C4D9 /* Project object */;
			proxyType = 1;
			remoteGlobalIDString = FA75469E26BEA1AE00C0C4D9;
			remoteInfo = Aqarak;
		};
		FA7546BC26BEA1B000C0C4D9 /* PBXContainerItemProxy */ = {
			isa = PBXContainerItemProxy;
			containerPortal = FA75469726BEA1AE00C0C4D9 /* Project object */;
			proxyType = 1;
			remoteGlobalIDString = FA75469E26BEA1AE00C0C4D9;
			remoteInfo = Aqarak;
		};
/* End PBXContainerItemProxy section */

/* Begin PBXFileReference section */
		18D4F33EDAAA92E409C605AB /* Pods-Aqarak-AqarakUITests.debug.xcconfig */ = {isa = PBXFileReference; includeInIndex = 1; lastKnownFileType = text.xcconfig; name = "Pods-Aqarak-AqarakUITests.debug.xcconfig"; path = "Target Support Files/Pods-Aqarak-AqarakUITests/Pods-Aqarak-AqarakUITests.debug.xcconfig"; sourceTree = "<group>"; };
		323F4CAFEE8A0CEC878DE1A1 /* Pods-Aqarak.debug.xcconfig */ = {isa = PBXFileReference; includeInIndex = 1; lastKnownFileType = text.xcconfig; name = "Pods-Aqarak.debug.xcconfig"; path = "Target Support Files/Pods-Aqarak/Pods-Aqarak.debug.xcconfig"; sourceTree = "<group>"; };
		52F734035B456D5D22D11143 /* Pods_Aqarak_AqarakUITests.framework */ = {isa = PBXFileReference; explicitFileType = wrapper.framework; includeInIndex = 0; path = Pods_Aqarak_AqarakUITests.framework; sourceTree = BUILT_PRODUCTS_DIR; };
		53EDA6D5174D7E8C428D3384 /* Pods_AqarakTests.framework */ = {isa = PBXFileReference; explicitFileType = wrapper.framework; includeInIndex = 0; path = Pods_AqarakTests.framework; sourceTree = BUILT_PRODUCTS_DIR; };
		8E41E33622A1A5A3ADE23060 /* Pods-AqarakTests.release.xcconfig */ = {isa = PBXFileReference; includeInIndex = 1; lastKnownFileType = text.xcconfig; name = "Pods-AqarakTests.release.xcconfig"; path = "Target Support Files/Pods-AqarakTests/Pods-AqarakTests.release.xcconfig"; sourceTree = "<group>"; };
		A3C3C1B692A4DB5DCD0287D1 /* Pods-Aqarak-AqarakUITests.release.xcconfig */ = {isa = PBXFileReference; includeInIndex = 1; lastKnownFileType = text.xcconfig; name = "Pods-Aqarak-AqarakUITests.release.xcconfig"; path = "Target Support Files/Pods-Aqarak-AqarakUITests/Pods-Aqarak-AqarakUITests.release.xcconfig"; sourceTree = "<group>"; };
		AB873C05B0C828008E2C4296 /* Pods_Aqarak.framework */ = {isa = PBXFileReference; explicitFileType = wrapper.framework; includeInIndex = 0; path = Pods_Aqarak.framework; sourceTree = BUILT_PRODUCTS_DIR; };
		ACC52670D885D405B8E24311 /* Pods-AqarakTests.debug.xcconfig */ = {isa = PBXFileReference; includeInIndex = 1; lastKnownFileType = text.xcconfig; name = "Pods-AqarakTests.debug.xcconfig"; path = "Target Support Files/Pods-AqarakTests/Pods-AqarakTests.debug.xcconfig"; sourceTree = "<group>"; };
		DB7EC3FCB579CC8041C6DF79 /* Pods-Aqarak.release.xcconfig */ = {isa = PBXFileReference; includeInIndex = 1; lastKnownFileType = text.xcconfig; name = "Pods-Aqarak.release.xcconfig"; path = "Target Support Files/Pods-Aqarak/Pods-Aqarak.release.xcconfig"; sourceTree = "<group>"; };
		FA75469F26BEA1AE00C0C4D9 /* Aqarak.app */ = {isa = PBXFileReference; explicitFileType = wrapper.application; includeInIndex = 0; path = Aqarak.app; sourceTree = BUILT_PRODUCTS_DIR; };
		FA7546A226BEA1AE00C0C4D9 /* AqarakApp.swift */ = {isa = PBXFileReference; lastKnownFileType = sourcecode.swift; path = AqarakApp.swift; sourceTree = "<group>"; };
		FA7546A426BEA1AE00C0C4D9 /* ContentView.swift */ = {isa = PBXFileReference; lastKnownFileType = sourcecode.swift; path = ContentView.swift; sourceTree = "<group>"; };
		FA7546A626BEA1AF00C0C4D9 /* Assets.xcassets */ = {isa = PBXFileReference; lastKnownFileType = folder.assetcatalog; path = Assets.xcassets; sourceTree = "<group>"; };
		FA7546A926BEA1AF00C0C4D9 /* Preview Assets.xcassets */ = {isa = PBXFileReference; lastKnownFileType = folder.assetcatalog; path = "Preview Assets.xcassets"; sourceTree = "<group>"; };
		FA7546AB26BEA1AF00C0C4D9 /* Info.plist */ = {isa = PBXFileReference; lastKnownFileType = text.plist.xml; path = Info.plist; sourceTree = "<group>"; };
		FA7546B026BEA1B000C0C4D9 /* AqarakTests.xctest */ = {isa = PBXFileReference; explicitFileType = wrapper.cfbundle; includeInIndex = 0; path = AqarakTests.xctest; sourceTree = BUILT_PRODUCTS_DIR; };
		FA7546B426BEA1B000C0C4D9 /* AqarakTests.swift */ = {isa = PBXFileReference; lastKnownFileType = sourcecode.swift; path = AqarakTests.swift; sourceTree = "<group>"; };
		FA7546B626BEA1B000C0C4D9 /* Info.plist */ = {isa = PBXFileReference; lastKnownFileType = text.plist.xml; path = Info.plist; sourceTree = "<group>"; };
		FA7546BB26BEA1B000C0C4D9 /* AqarakUITests.xctest */ = {isa = PBXFileReference; explicitFileType = wrapper.cfbundle; includeInIndex = 0; path = AqarakUITests.xctest; sourceTree = BUILT_PRODUCTS_DIR; };
		FA7546BF26BEA1B000C0C4D9 /* AqarakUITests.swift */ = {isa = PBXFileReference; lastKnownFileType = sourcecode.swift; path = AqarakUITests.swift; sourceTree = "<group>"; };
		FA7546C126BEA1B000C0C4D9 /* Info.plist */ = {isa = PBXFileReference; lastKnownFileType = text.plist.xml; path = Info.plist; sourceTree = "<group>"; };
		FA7546CE26BEA49C00C0C4D9 /* Splash.swift */ = {isa = PBXFileReference; lastKnownFileType = sourcecode.swift; path = Splash.swift; sourceTree = "<group>"; };
		FA7546D226BEA51900C0C4D9 /* VarUserDefault.swift */ = {isa = PBXFileReference; lastKnownFileType = sourcecode.swift; path = VarUserDefault.swift; sourceTree = "<group>"; };
		FA7546D426BEA52600C0C4D9 /* ObjectUserDefault.swift */ = {isa = PBXFileReference; lastKnownFileType = sourcecode.swift; path = ObjectUserDefault.swift; sourceTree = "<group>"; };
		FA7546D726BEA78500C0C4D9 /* AppInto.swift */ = {isa = PBXFileReference; lastKnownFileType = sourcecode.swift; path = AppInto.swift; sourceTree = "<group>"; };
		FA7546DA26BEA81E00C0C4D9 /* SignIn.swift */ = {isa = PBXFileReference; lastKnownFileType = sourcecode.swift; path = SignIn.swift; sourceTree = "<group>"; };
		FA7546DD26BEA86600C0C4D9 /* Home.swift */ = {isa = PBXFileReference; lastKnownFileType = sourcecode.swift; path = Home.swift; sourceTree = "<group>"; };
		FA7546E226BEA8DB00C0C4D9 /* keyboardEx.swift */ = {isa = PBXFileReference; lastKnownFileType = sourcecode.swift; path = keyboardEx.swift; sourceTree = "<group>"; };
		FA7546E426BEAC3500C0C4D9 /* OnboardingViewOne.swift */ = {isa = PBXFileReference; lastKnownFileType = sourcecode.swift; path = OnboardingViewOne.swift; sourceTree = "<group>"; };
		FA7546E626BEAC5500C0C4D9 /* OnboardingViewThree.swift */ = {isa = PBXFileReference; lastKnownFileType = sourcecode.swift; path = OnboardingViewThree.swift; sourceTree = "<group>"; };
		FA7546E826BEAC7200C0C4D9 /* OnboardingViewTwo.swift */ = {isa = PBXFileReference; lastKnownFileType = sourcecode.swift; path = OnboardingViewTwo.swift; sourceTree = "<group>"; };
		FA7546EB26BEB11C00C0C4D9 /* Cairo-Light.ttf */ = {isa = PBXFileReference; lastKnownFileType = file; path = "Cairo-Light.ttf"; sourceTree = "<group>"; };
		FA7546EC26BEB11C00C0C4D9 /* Cairo-Black.ttf */ = {isa = PBXFileReference; lastKnownFileType = file; path = "Cairo-Black.ttf"; sourceTree = "<group>"; };
		FA7546F026BEB15200C0C4D9 /* Fount.swift */ = {isa = PBXFileReference; lastKnownFileType = sourcecode.swift; path = Fount.swift; sourceTree = "<group>"; };
		FA7546F326BEB73500C0C4D9 /* ColorExt.swift */ = {isa = PBXFileReference; lastKnownFileType = sourcecode.swift; path = ColorExt.swift; sourceTree = "<group>"; };
		FA7546F526BEBE1000C0C4D9 /* CTFStyleClearBackground.swift */ = {isa = PBXFileReference; lastKnownFileType = sourcecode.swift; path = CTFStyleClearBackground.swift; sourceTree = "<group>"; };
		FA7546F826BEBE6C00C0C4D9 /* FountEx.swift */ = {isa = PBXFileReference; lastKnownFileType = sourcecode.swift; path = FountEx.swift; sourceTree = "<group>"; };
		FA7546FB26BEBF3200C0C4D9 /* TextBindingManager.swift */ = {isa = PBXFileReference; lastKnownFileType = sourcecode.swift; path = TextBindingManager.swift; sourceTree = "<group>"; };
		FA7546FE26BEC62900C0C4D9 /* DateFunc.swift */ = {isa = PBXFileReference; lastKnownFileType = sourcecode.swift; path = DateFunc.swift; sourceTree = "<group>"; };
		FA75470026BEC63B00C0C4D9 /* StringFunc.swift */ = {isa = PBXFileReference; lastKnownFileType = sourcecode.swift; path = StringFunc.swift; sourceTree = "<group>"; };
		FA75470326BEC69600C0C4D9 /* Connection.swift */ = {isa = PBXFileReference; lastKnownFileType = sourcecode.swift; path = Connection.swift; sourceTree = "<group>"; };
		FA75470526BEC6D600C0C4D9 /* RestAPI.swift */ = {isa = PBXFileReference; lastKnownFileType = sourcecode.swift; path = RestAPI.swift; sourceTree = "<group>"; };
		FA75470826BECBA200C0C4D9 /* Menue_Button.swift */ = {isa = PBXFileReference; lastKnownFileType = sourcecode.swift; path = Menue_Button.swift; sourceTree = "<group>"; };
		FA75470A26BECC8200C0C4D9 /* menue_button_name.swift */ = {isa = PBXFileReference; lastKnownFileType = sourcecode.swift; path = menue_button_name.swift; sourceTree = "<group>"; };
		FA75470D26BED35B00C0C4D9 /* About.swift */ = {isa = PBXFileReference; lastKnownFileType = sourcecode.swift; path = About.swift; sourceTree = "<group>"; };
		FA75470F26BED36800C0C4D9 /* Fav.swift */ = {isa = PBXFileReference; lastKnownFileType = sourcecode.swift; path = Fav.swift; sourceTree = "<group>"; };
		FA75471126BED38400C0C4D9 /* Profile.swift */ = {isa = PBXFileReference; lastKnownFileType = sourcecode.swift; path = Profile.swift; sourceTree = "<group>"; };
		FA75471426BED66F00C0C4D9 /* BackButton.swift */ = {isa = PBXFileReference; lastKnownFileType = sourcecode.swift; path = BackButton.swift; sourceTree = "<group>"; };
		FA75471626BEDF5E00C0C4D9 /* checkEmailValid.swift */ = {isa = PBXFileReference; lastKnownFileType = sourcecode.swift; path = checkEmailValid.swift; sourceTree = "<group>"; };
		FA75471826BEE1A000C0C4D9 /* PlanetProduct.swift */ = {isa = PBXFileReference; lastKnownFileType = sourcecode.swift; path = PlanetProduct.swift; sourceTree = "<group>"; };
		FA75471A26BEE1AF00C0C4D9 /* PlanetDetails.swift */ = {isa = PBXFileReference; lastKnownFileType = sourcecode.swift; path = PlanetDetails.swift; sourceTree = "<group>"; };
		FA75471E26BEE2A300C0C4D9 /* plantModal.swift */ = {isa = PBXFileReference; lastKnownFileType = sourcecode.swift; path = plantModal.swift; sourceTree = "<group>"; };
		FA75472026BEE31900C0C4D9 /* PlanetViewModal.swift */ = {isa = PBXFileReference; lastKnownFileType = sourcecode.swift; path = PlanetViewModal.swift; sourceTree = "<group>"; };
		FA75472226BEE54600C0C4D9 /* AsyncImage.swift */ = {isa = PBXFileReference; lastKnownFileType = sourcecode.swift; path = AsyncImage.swift; sourceTree = "<group>"; };
		FA75472526BEE5F700C0C4D9 /* ImageLoader.swift */ = {isa = PBXFileReference; fileEncoding = 4; lastKnownFileType = sourcecode.swift; path = ImageLoader.swift; sourceTree = "<group>"; };
		FA75472626BEE5F700C0C4D9 /* TemporaryImageCache.swift */ = {isa = PBXFileReference; fileEncoding = 4; lastKnownFileType = sourcecode.swift; path = TemporaryImageCache.swift; sourceTree = "<group>"; };
		FA75472726BEE5F700C0C4D9 /* ImageCacheKey.swift */ = {isa = PBXFileReference; fileEncoding = 4; lastKnownFileType = sourcecode.swift; path = ImageCacheKey.swift; sourceTree = "<group>"; };
		FA75472B26BEEFC700C0C4D9 /* Planet_Action_Button.swift */ = {isa = PBXFileReference; lastKnownFileType = sourcecode.swift; path = Planet_Action_Button.swift; sourceTree = "<group>"; };
		FA75472D26BEF58E00C0C4D9 /* FaveorateViewModal.swift */ = {isa = PBXFileReference; lastKnownFileType = sourcecode.swift; path = FaveorateViewModal.swift; sourceTree = "<group>"; };
		FA75473026BEFC7800C0C4D9 /* GoogleMapsView.swift */ = {isa = PBXFileReference; lastKnownFileType = sourcecode.swift; path = GoogleMapsView.swift; sourceTree = "<group>"; };
		FA75473226BF00CE00C0C4D9 /* Mapview.swift */ = {isa = PBXFileReference; lastKnownFileType = sourcecode.swift; path = Mapview.swift; sourceTree = "<group>"; };
		FA75473526BF023700C0C4D9 /* LocationManager.swift */ = {isa = PBXFileReference; lastKnownFileType = sourcecode.swift; path = LocationManager.swift; sourceTree = "<group>"; };
		FA75473826BFCE3100C0C4D9 /* PDFKitRepresentedView.swift */ = {isa = PBXFileReference; lastKnownFileType = sourcecode.swift; path = PDFKitRepresentedView.swift; sourceTree = "<group>"; };
/* End PBXFileReference section */

/* Begin PBXFrameworksBuildPhase section */
		FA75469C26BEA1AE00C0C4D9 /* Frameworks */ = {
			isa = PBXFrameworksBuildPhase;
			buildActionMask = 2147483647;
			files = (
				75B42AA43A41201B006FBC3D /* Pods_Aqarak.framework in Frameworks */,
			);
			runOnlyForDeploymentPostprocessing = 0;
		};
		FA7546AD26BEA1B000C0C4D9 /* Frameworks */ = {
			isa = PBXFrameworksBuildPhase;
			buildActionMask = 2147483647;
			files = (
				3F94ADEF392CEA5B00C3680D /* Pods_AqarakTests.framework in Frameworks */,
			);
			runOnlyForDeploymentPostprocessing = 0;
		};
		FA7546B826BEA1B000C0C4D9 /* Frameworks */ = {
			isa = PBXFrameworksBuildPhase;
			buildActionMask = 2147483647;
			files = (
				42B8E1E94DD4905F56A81F03 /* Pods_Aqarak_AqarakUITests.framework in Frameworks */,
			);
			runOnlyForDeploymentPostprocessing = 0;
		};
/* End PBXFrameworksBuildPhase section */

/* Begin PBXGroup section */
		F0ED751FC8640F94C4E2BAE8 /* Pods */ = {
			isa = PBXGroup;
			children = (
				323F4CAFEE8A0CEC878DE1A1 /* Pods-Aqarak.debug.xcconfig */,
				DB7EC3FCB579CC8041C6DF79 /* Pods-Aqarak.release.xcconfig */,
				18D4F33EDAAA92E409C605AB /* Pods-Aqarak-AqarakUITests.debug.xcconfig */,
				A3C3C1B692A4DB5DCD0287D1 /* Pods-Aqarak-AqarakUITests.release.xcconfig */,
				ACC52670D885D405B8E24311 /* Pods-AqarakTests.debug.xcconfig */,
				8E41E33622A1A5A3ADE23060 /* Pods-AqarakTests.release.xcconfig */,
			);
			path = Pods;
			sourceTree = "<group>";
		};
		FA75469626BEA1AE00C0C4D9 = {
			isa = PBXGroup;
			children = (
				FA7546A126BEA1AE00C0C4D9 /* Aqarak */,
				FA7546B326BEA1B000C0C4D9 /* AqarakTests */,
				FA7546BE26BEA1B000C0C4D9 /* AqarakUITests */,
				FA7546A026BEA1AE00C0C4D9 /* Products */,
				F0ED751FC8640F94C4E2BAE8 /* Pods */,
				FCCBC81C0D5D6188833D6D66 /* Frameworks */,
			);
			sourceTree = "<group>";
		};
		FA7546A026BEA1AE00C0C4D9 /* Products */ = {
			isa = PBXGroup;
			children = (
				FA75469F26BEA1AE00C0C4D9 /* Aqarak.app */,
				FA7546B026BEA1B000C0C4D9 /* AqarakTests.xctest */,
				FA7546BB26BEA1B000C0C4D9 /* AqarakUITests.xctest */,
			);
			name = Products;
			sourceTree = "<group>";
		};
		FA7546A126BEA1AE00C0C4D9 /* Aqarak */ = {
			isa = PBXGroup;
			children = (
				FA75473426BF022E00C0C4D9 /* LocationManager */,
				FA75471D26BEE28A00C0C4D9 /* ViewModal */,
				FA75471C26BEE28300C0C4D9 /* Modal */,
				FA7546EF26BEB14300C0C4D9 /* Enum */,
				FA7546EA26BEAFE300C0C4D9 /* Fonts */,
				FA7546DF26BEA89800C0C4D9 /* Extention */,
				FA7546D026BEA4D700C0C4D9 /* AppService */,
				FA7546CD26BEA48E00C0C4D9 /* View */,
				FA7546A226BEA1AE00C0C4D9 /* AqarakApp.swift */,
				FA7546A426BEA1AE00C0C4D9 /* ContentView.swift */,
				FA7546A626BEA1AF00C0C4D9 /* Assets.xcassets */,
				FA7546AB26BEA1AF00C0C4D9 /* Info.plist */,
				FA7546A826BEA1AF00C0C4D9 /* Preview Content */,
			);
			path = Aqarak;
			sourceTree = "<group>";
		};
		FA7546A826BEA1AF00C0C4D9 /* Preview Content */ = {
			isa = PBXGroup;
			children = (
				FA7546A926BEA1AF00C0C4D9 /* Preview Assets.xcassets */,
			);
			path = "Preview Content";
			sourceTree = "<group>";
		};
		FA7546B326BEA1B000C0C4D9 /* AqarakTests */ = {
			isa = PBXGroup;
			children = (
				FA7546B426BEA1B000C0C4D9 /* AqarakTests.swift */,
				FA7546B626BEA1B000C0C4D9 /* Info.plist */,
			);
			path = AqarakTests;
			sourceTree = "<group>";
		};
		FA7546BE26BEA1B000C0C4D9 /* AqarakUITests */ = {
			isa = PBXGroup;
			children = (
				FA7546BF26BEA1B000C0C4D9 /* AqarakUITests.swift */,
				FA7546C126BEA1B000C0C4D9 /* Info.plist */,
			);
			path = AqarakUITests;
			sourceTree = "<group>";
		};
		FA7546CD26BEA48E00C0C4D9 /* View */ = {
			isa = PBXGroup;
			children = (
				FA75473726BFCE2300C0C4D9 /* PDF */,
				FA75472F26BEFB1600C0C4D9 /* Maps */,
				FA75471326BED65E00C0C4D9 /* BackButton */,
				FA75470C26BED33700C0C4D9 /* Menue */,
				FA7546DC26BEA85800C0C4D9 /* Home */,
				FA7546D926BEA80B00C0C4D9 /* Auth */,
				FA7546D626BEA77300C0C4D9 /* AppInto */,
				FA7546CE26BEA49C00C0C4D9 /* Splash.swift */,
			);
			path = View;
			sourceTree = "<group>";
		};
		FA7546D026BEA4D700C0C4D9 /* AppService */ = {
			isa = PBXGroup;
			children = (
				FA75472426BEE56A00C0C4D9 /* AsyImage */,
				FA75470226BEC68400C0C4D9 /* API */,
				FA7546FD26BEC60A00C0C4D9 /* Function */,
				FA7546D126BEA50400C0C4D9 /* UserDefault */,
			);
			path = AppService;
			sourceTree = "<group>";
		};
		FA7546D126BEA50400C0C4D9 /* UserDefault */ = {
			isa = PBXGroup;
			children = (
				FA7546D226BEA51900C0C4D9 /* VarUserDefault.swift */,
				FA7546D426BEA52600C0C4D9 /* ObjectUserDefault.swift */,
			);
			path = UserDefault;
			sourceTree = "<group>";
		};
		FA7546D626BEA77300C0C4D9 /* AppInto */ = {
			isa = PBXGroup;
			children = (
				FA7546D726BEA78500C0C4D9 /* AppInto.swift */,
				FA7546E426BEAC3500C0C4D9 /* OnboardingViewOne.swift */,
				FA7546E626BEAC5500C0C4D9 /* OnboardingViewThree.swift */,
				FA7546E826BEAC7200C0C4D9 /* OnboardingViewTwo.swift */,
			);
			path = AppInto;
			sourceTree = "<group>";
		};
		FA7546D926BEA80B00C0C4D9 /* Auth */ = {
			isa = PBXGroup;
			children = (
				FA7546DA26BEA81E00C0C4D9 /* SignIn.swift */,
			);
			path = Auth;
			sourceTree = "<group>";
		};
		FA7546DC26BEA85800C0C4D9 /* Home */ = {
			isa = PBXGroup;
			children = (
				FA7546DD26BEA86600C0C4D9 /* Home.swift */,
				FA75471826BEE1A000C0C4D9 /* PlanetProduct.swift */,
				FA75471A26BEE1AF00C0C4D9 /* PlanetDetails.swift */,
			);
			path = Home;
			sourceTree = "<group>";
		};
		FA7546DF26BEA89800C0C4D9 /* Extention */ = {
			isa = PBXGroup;
			children = (
				FA7546FA26BEBF1900C0C4D9 /* TextBinding */,
				FA7546F726BEBE5B00C0C4D9 /* Fount */,
				FA7546F226BEB71800C0C4D9 /* Color */,
				FA7546E026BEA8AF00C0C4D9 /* View */,
				FA75471626BEDF5E00C0C4D9 /* checkEmailValid.swift */,
			);
			path = Extention;
			sourceTree = "<group>";
		};
		FA7546E026BEA8AF00C0C4D9 /* View */ = {
			isa = PBXGroup;
			children = (
				FA7546E126BEA8B900C0C4D9 /* Keyboard */,
				FA7546F526BEBE1000C0C4D9 /* CTFStyleClearBackground.swift */,
			);
			path = View;
			sourceTree = "<group>";
		};
		FA7546E126BEA8B900C0C4D9 /* Keyboard */ = {
			isa = PBXGroup;
			children = (
				FA7546E226BEA8DB00C0C4D9 /* keyboardEx.swift */,
			);
			path = Keyboard;
			sourceTree = "<group>";
		};
		FA7546EA26BEAFE300C0C4D9 /* Fonts */ = {
			isa = PBXGroup;
			children = (
				FA7546EC26BEB11C00C0C4D9 /* Cairo-Black.ttf */,
				FA7546EB26BEB11C00C0C4D9 /* Cairo-Light.ttf */,
			);
			path = Fonts;
			sourceTree = "<group>";
		};
		FA7546EF26BEB14300C0C4D9 /* Enum */ = {
			isa = PBXGroup;
			children = (
				FA7546F026BEB15200C0C4D9 /* Fount.swift */,
				FA75470A26BECC8200C0C4D9 /* menue_button_name.swift */,
				FA75472B26BEEFC700C0C4D9 /* Planet_Action_Button.swift */,
			);
			path = Enum;
			sourceTree = "<group>";
		};
		FA7546F226BEB71800C0C4D9 /* Color */ = {
			isa = PBXGroup;
			children = (
				FA7546F326BEB73500C0C4D9 /* ColorExt.swift */,
			);
			path = Color;
			sourceTree = "<group>";
		};
		FA7546F726BEBE5B00C0C4D9 /* Fount */ = {
			isa = PBXGroup;
			children = (
				FA7546F826BEBE6C00C0C4D9 /* FountEx.swift */,
			);
			path = Fount;
			sourceTree = "<group>";
		};
		FA7546FA26BEBF1900C0C4D9 /* TextBinding */ = {
			isa = PBXGroup;
			children = (
				FA7546FB26BEBF3200C0C4D9 /* TextBindingManager.swift */,
			);
			path = TextBinding;
			sourceTree = "<group>";
		};
		FA7546FD26BEC60A00C0C4D9 /* Function */ = {
			isa = PBXGroup;
			children = (
				FA7546FE26BEC62900C0C4D9 /* DateFunc.swift */,
				FA75470026BEC63B00C0C4D9 /* StringFunc.swift */,
			);
			path = Function;
			sourceTree = "<group>";
		};
		FA75470226BEC68400C0C4D9 /* API */ = {
			isa = PBXGroup;
			children = (
				FA75470326BEC69600C0C4D9 /* Connection.swift */,
				FA75470526BEC6D600C0C4D9 /* RestAPI.swift */,
			);
			path = API;
			sourceTree = "<group>";
		};
		FA75470726BECB8000C0C4D9 /* Menue_Button_Items */ = {
			isa = PBXGroup;
			children = (
				FA75470826BECBA200C0C4D9 /* Menue_Button.swift */,
			);
			path = Menue_Button_Items;
			sourceTree = "<group>";
		};
		FA75470C26BED33700C0C4D9 /* Menue */ = {
			isa = PBXGroup;
			children = (
				FA75470726BECB8000C0C4D9 /* Menue_Button_Items */,
				FA75470D26BED35B00C0C4D9 /* About.swift */,
				FA75470F26BED36800C0C4D9 /* Fav.swift */,
				FA75471126BED38400C0C4D9 /* Profile.swift */,
			);
			path = Menue;
			sourceTree = "<group>";
		};
		FA75471326BED65E00C0C4D9 /* BackButton */ = {
			isa = PBXGroup;
			children = (
				FA75471426BED66F00C0C4D9 /* BackButton.swift */,
			);
			path = BackButton;
			sourceTree = "<group>";
		};
		FA75471C26BEE28300C0C4D9 /* Modal */ = {
			isa = PBXGroup;
			children = (
				FA75471E26BEE2A300C0C4D9 /* plantModal.swift */,
			);
			path = Modal;
			sourceTree = "<group>";
		};
		FA75471D26BEE28A00C0C4D9 /* ViewModal */ = {
			isa = PBXGroup;
			children = (
				FA75472026BEE31900C0C4D9 /* PlanetViewModal.swift */,
				FA75472D26BEF58E00C0C4D9 /* FaveorateViewModal.swift */,
			);
			path = ViewModal;
			sourceTree = "<group>";
		};
		FA75472426BEE56A00C0C4D9 /* AsyImage */ = {
			isa = PBXGroup;
			children = (
				FA75472726BEE5F700C0C4D9 /* ImageCacheKey.swift */,
				FA75472526BEE5F700C0C4D9 /* ImageLoader.swift */,
				FA75472626BEE5F700C0C4D9 /* TemporaryImageCache.swift */,
				FA75472226BEE54600C0C4D9 /* AsyncImage.swift */,
			);
			path = AsyImage;
			sourceTree = "<group>";
		};
		FA75472F26BEFB1600C0C4D9 /* Maps */ = {
			isa = PBXGroup;
			children = (
				FA75473026BEFC7800C0C4D9 /* GoogleMapsView.swift */,
				FA75473226BF00CE00C0C4D9 /* Mapview.swift */,
			);
			path = Maps;
			sourceTree = "<group>";
		};
		FA75473426BF022E00C0C4D9 /* LocationManager */ = {
			isa = PBXGroup;
			children = (
				FA75473526BF023700C0C4D9 /* LocationManager.swift */,
			);
			path = LocationManager;
			sourceTree = "<group>";
		};
		FA75473726BFCE2300C0C4D9 /* PDF */ = {
			isa = PBXGroup;
			children = (
				FA75473826BFCE3100C0C4D9 /* PDFKitRepresentedView.swift */,
			);
			path = PDF;
			sourceTree = "<group>";
		};
		FCCBC81C0D5D6188833D6D66 /* Frameworks */ = {
			isa = PBXGroup;
			children = (
				AB873C05B0C828008E2C4296 /* Pods_Aqarak.framework */,
				52F734035B456D5D22D11143 /* Pods_Aqarak_AqarakUITests.framework */,
				53EDA6D5174D7E8C428D3384 /* Pods_AqarakTests.framework */,
			);
			name = Frameworks;
			sourceTree = "<group>";
		};
/* End PBXGroup section */

/* Begin PBXNativeTarget section */
		FA75469E26BEA1AE00C0C4D9 /* Aqarak */ = {
			isa = PBXNativeTarget;
			buildConfigurationList = FA7546C426BEA1B000C0C4D9 /* Build configuration list for PBXNativeTarget "Aqarak" */;
			buildPhases = (
				875EF13E796D24C5EDA82890 /* [CP] Check Pods Manifest.lock */,
				FA75469B26BEA1AE00C0C4D9 /* Sources */,
				FA75469C26BEA1AE00C0C4D9 /* Frameworks */,
				FA75469D26BEA1AE00C0C4D9 /* Resources */,
				93025676374278F12BEB0409 /* [CP] Embed Pods Frameworks */,
				9F791CFF20F4C53E2C032F44 /* [CP] Copy Pods Resources */,
			);
			buildRules = (
			);
			dependencies = (
			);
			name = Aqarak;
			productName = Aqarak;
			productReference = FA75469F26BEA1AE00C0C4D9 /* Aqarak.app */;
			productType = "com.apple.product-type.application";
		};
		FA7546AF26BEA1B000C0C4D9 /* AqarakTests */ = {
			isa = PBXNativeTarget;
			buildConfigurationList = FA7546C726BEA1B000C0C4D9 /* Build configuration list for PBXNativeTarget "AqarakTests" */;
			buildPhases = (
				5DB4B961CA2EABEA8D7C6817 /* [CP] Check Pods Manifest.lock */,
				FA7546AC26BEA1B000C0C4D9 /* Sources */,
				FA7546AD26BEA1B000C0C4D9 /* Frameworks */,
				FA7546AE26BEA1B000C0C4D9 /* Resources */,
			);
			buildRules = (
			);
			dependencies = (
				FA7546B226BEA1B000C0C4D9 /* PBXTargetDependency */,
			);
			name = AqarakTests;
			productName = AqarakTests;
			productReference = FA7546B026BEA1B000C0C4D9 /* AqarakTests.xctest */;
			productType = "com.apple.product-type.bundle.unit-test";
		};
		FA7546BA26BEA1B000C0C4D9 /* AqarakUITests */ = {
			isa = PBXNativeTarget;
			buildConfigurationList = FA7546CA26BEA1B000C0C4D9 /* Build configuration list for PBXNativeTarget "AqarakUITests" */;
			buildPhases = (
				2CB47D9F56DCEAA2D86A43C6 /* [CP] Check Pods Manifest.lock */,
				FA7546B726BEA1B000C0C4D9 /* Sources */,
				FA7546B826BEA1B000C0C4D9 /* Frameworks */,
				FA7546B926BEA1B000C0C4D9 /* Resources */,
				151C4744C4154438137C078B /* [CP] Embed Pods Frameworks */,
				0079C041B073CBC43FF5539F /* [CP] Copy Pods Resources */,
			);
			buildRules = (
			);
			dependencies = (
				FA7546BD26BEA1B000C0C4D9 /* PBXTargetDependency */,
			);
			name = AqarakUITests;
			productName = AqarakUITests;
			productReference = FA7546BB26BEA1B000C0C4D9 /* AqarakUITests.xctest */;
			productType = "com.apple.product-type.bundle.ui-testing";
		};
/* End PBXNativeTarget section */

/* Begin PBXProject section */
		FA75469726BEA1AE00C0C4D9 /* Project object */ = {
			isa = PBXProject;
			attributes = {
				LastSwiftUpdateCheck = 1250;
				LastUpgradeCheck = 1250;
				TargetAttributes = {
					FA75469E26BEA1AE00C0C4D9 = {
						CreatedOnToolsVersion = 12.5.1;
					};
					FA7546AF26BEA1B000C0C4D9 = {
						CreatedOnToolsVersion = 12.5.1;
						TestTargetID = FA75469E26BEA1AE00C0C4D9;
					};
					FA7546BA26BEA1B000C0C4D9 = {
						CreatedOnToolsVersion = 12.5.1;
						TestTargetID = FA75469E26BEA1AE00C0C4D9;
					};
				};
			};
			buildConfigurationList = FA75469A26BEA1AE00C0C4D9 /* Build configuration list for PBXProject "Aqarak" */;
			compatibilityVersion = "Xcode 9.3";
			developmentRegion = en;
			hasScannedForEncodings = 0;
			knownRegions = (
				en,
				Base,
			);
			mainGroup = FA75469626BEA1AE00C0C4D9;
			productRefGroup = FA7546A026BEA1AE00C0C4D9 /* Products */;
			projectDirPath = "";
			projectRoot = "";
			targets = (
				FA75469E26BEA1AE00C0C4D9 /* Aqarak */,
				FA7546AF26BEA1B000C0C4D9 /* AqarakTests */,
				FA7546BA26BEA1B000C0C4D9 /* AqarakUITests */,
			);
		};
/* End PBXProject section */

/* Begin PBXResourcesBuildPhase section */
		FA75469D26BEA1AE00C0C4D9 /* Resources */ = {
			isa = PBXResourcesBuildPhase;
			buildActionMask = 2147483647;
			files = (
				FA7546AA26BEA1AF00C0C4D9 /* Preview Assets.xcassets in Resources */,
				FA7546ED26BEB11C00C0C4D9 /* Cairo-Light.ttf in Resources */,
				FA7546A726BEA1AF00C0C4D9 /* Assets.xcassets in Resources */,
				FA7546EE26BEB11C00C0C4D9 /* Cairo-Black.ttf in Resources */,
			);
			runOnlyForDeploymentPostprocessing = 0;
		};
		FA7546AE26BEA1B000C0C4D9 /* Resources */ = {
			isa = PBXResourcesBuildPhase;
			buildActionMask = 2147483647;
			files = (
			);
			runOnlyForDeploymentPostprocessing = 0;
		};
		FA7546B926BEA1B000C0C4D9 /* Resources */ = {
			isa = PBXResourcesBuildPhase;
			buildActionMask = 2147483647;
			files = (
			);
			runOnlyForDeploymentPostprocessing = 0;
		};
/* End PBXResourcesBuildPhase section */

/* Begin PBXShellScriptBuildPhase section */
		0079C041B073CBC43FF5539F /* [CP] Copy Pods Resources */ = {
			isa = PBXShellScriptBuildPhase;
			buildActionMask = 2147483647;
			files = (
			);
			inputFileListPaths = (
				"${PODS_ROOT}/Target Support Files/Pods-Aqarak-AqarakUITests/Pods-Aqarak-AqarakUITests-resources-${CONFIGURATION}-input-files.xcfilelist",
			);
			name = "[CP] Copy Pods Resources";
			outputFileListPaths = (
				"${PODS_ROOT}/Target Support Files/Pods-Aqarak-AqarakUITests/Pods-Aqarak-AqarakUITests-resources-${CONFIGURATION}-output-files.xcfilelist",
			);
			runOnlyForDeploymentPostprocessing = 0;
			shellPath = /bin/sh;
			shellScript = "\"${PODS_ROOT}/Target Support Files/Pods-Aqarak-AqarakUITests/Pods-Aqarak-AqarakUITests-resources.sh\"\n";
			showEnvVarsInLog = 0;
		};
		151C4744C4154438137C078B /* [CP] Embed Pods Frameworks */ = {
			isa = PBXShellScriptBuildPhase;
			buildActionMask = 2147483647;
			files = (
			);
			inputFileListPaths = (
				"${PODS_ROOT}/Target Support Files/Pods-Aqarak-AqarakUITests/Pods-Aqarak-AqarakUITests-frameworks-${CONFIGURATION}-input-files.xcfilelist",
			);
			name = "[CP] Embed Pods Frameworks";
			outputFileListPaths = (
				"${PODS_ROOT}/Target Support Files/Pods-Aqarak-AqarakUITests/Pods-Aqarak-AqarakUITests-frameworks-${CONFIGURATION}-output-files.xcfilelist",
			);
			runOnlyForDeploymentPostprocessing = 0;
			shellPath = /bin/sh;
			shellScript = "\"${PODS_ROOT}/Target Support Files/Pods-Aqarak-AqarakUITests/Pods-Aqarak-AqarakUITests-frameworks.sh\"\n";
			showEnvVarsInLog = 0;
		};
		2CB47D9F56DCEAA2D86A43C6 /* [CP] Check Pods Manifest.lock */ = {
			isa = PBXShellScriptBuildPhase;
			buildActionMask = 2147483647;
			files = (
			);
			inputFileListPaths = (
			);
			inputPaths = (
				"${PODS_PODFILE_DIR_PATH}/Podfile.lock",
				"${PODS_ROOT}/Manifest.lock",
			);
			name = "[CP] Check Pods Manifest.lock";
			outputFileListPaths = (
			);
			outputPaths = (
				"$(DERIVED_FILE_DIR)/Pods-Aqarak-AqarakUITests-checkManifestLockResult.txt",
			);
			runOnlyForDeploymentPostprocessing = 0;
			shellPath = /bin/sh;
			shellScript = "diff \"${PODS_PODFILE_DIR_PATH}/Podfile.lock\" \"${PODS_ROOT}/Manifest.lock\" > /dev/null\nif [ $? != 0 ] ; then\n    # print error to STDERR\n    echo \"error: The sandbox is not in sync with the Podfile.lock. Run 'pod install' or update your CocoaPods installation.\" >&2\n    exit 1\nfi\n# This output is used by Xcode 'outputs' to avoid re-running this script phase.\necho \"SUCCESS\" > \"${SCRIPT_OUTPUT_FILE_0}\"\n";
			showEnvVarsInLog = 0;
		};
		5DB4B961CA2EABEA8D7C6817 /* [CP] Check Pods Manifest.lock */ = {
			isa = PBXShellScriptBuildPhase;
			buildActionMask = 2147483647;
			files = (
			);
			inputFileListPaths = (
			);
			inputPaths = (
				"${PODS_PODFILE_DIR_PATH}/Podfile.lock",
				"${PODS_ROOT}/Manifest.lock",
			);
			name = "[CP] Check Pods Manifest.lock";
			outputFileListPaths = (
			);
			outputPaths = (
				"$(DERIVED_FILE_DIR)/Pods-AqarakTests-checkManifestLockResult.txt",
			);
			runOnlyForDeploymentPostprocessing = 0;
			shellPath = /bin/sh;
			shellScript = "diff \"${PODS_PODFILE_DIR_PATH}/Podfile.lock\" \"${PODS_ROOT}/Manifest.lock\" > /dev/null\nif [ $? != 0 ] ; then\n    # print error to STDERR\n    echo \"error: The sandbox is not in sync with the Podfile.lock. Run 'pod install' or update your CocoaPods installation.\" >&2\n    exit 1\nfi\n# This output is used by Xcode 'outputs' to avoid re-running this script phase.\necho \"SUCCESS\" > \"${SCRIPT_OUTPUT_FILE_0}\"\n";
			showEnvVarsInLog = 0;
		};
		875EF13E796D24C5EDA82890 /* [CP] Check Pods Manifest.lock */ = {
			isa = PBXShellScriptBuildPhase;
			buildActionMask = 2147483647;
			files = (
			);
			inputFileListPaths = (
			);
			inputPaths = (
				"${PODS_PODFILE_DIR_PATH}/Podfile.lock",
				"${PODS_ROOT}/Manifest.lock",
			);
			name = "[CP] Check Pods Manifest.lock";
			outputFileListPaths = (
			);
			outputPaths = (
				"$(DERIVED_FILE_DIR)/Pods-Aqarak-checkManifestLockResult.txt",
			);
			runOnlyForDeploymentPostprocessing = 0;
			shellPath = /bin/sh;
			shellScript = "diff \"${PODS_PODFILE_DIR_PATH}/Podfile.lock\" \"${PODS_ROOT}/Manifest.lock\" > /dev/null\nif [ $? != 0 ] ; then\n    # print error to STDERR\n    echo \"error: The sandbox is not in sync with the Podfile.lock. Run 'pod install' or update your CocoaPods installation.\" >&2\n    exit 1\nfi\n# This output is used by Xcode 'outputs' to avoid re-running this script phase.\necho \"SUCCESS\" > \"${SCRIPT_OUTPUT_FILE_0}\"\n";
			showEnvVarsInLog = 0;
		};
		93025676374278F12BEB0409 /* [CP] Embed Pods Frameworks */ = {
			isa = PBXShellScriptBuildPhase;
			buildActionMask = 2147483647;
			files = (
			);
			inputFileListPaths = (
				"${PODS_ROOT}/Target Support Files/Pods-Aqarak/Pods-Aqarak-frameworks-${CONFIGURATION}-input-files.xcfilelist",
			);
			name = "[CP] Embed Pods Frameworks";
			outputFileListPaths = (
				"${PODS_ROOT}/Target Support Files/Pods-Aqarak/Pods-Aqarak-frameworks-${CONFIGURATION}-output-files.xcfilelist",
			);
			runOnlyForDeploymentPostprocessing = 0;
			shellPath = /bin/sh;
			shellScript = "\"${PODS_ROOT}/Target Support Files/Pods-Aqarak/Pods-Aqarak-frameworks.sh\"\n";
			showEnvVarsInLog = 0;
		};
		9F791CFF20F4C53E2C032F44 /* [CP] Copy Pods Resources */ = {
			isa = PBXShellScriptBuildPhase;
			buildActionMask = 2147483647;
			files = (
			);
			inputFileListPaths = (
				"${PODS_ROOT}/Target Support Files/Pods-Aqarak/Pods-Aqarak-resources-${CONFIGURATION}-input-files.xcfilelist",
			);
			name = "[CP] Copy Pods Resources";
			outputFileListPaths = (
				"${PODS_ROOT}/Target Support Files/Pods-Aqarak/Pods-Aqarak-resources-${CONFIGURATION}-output-files.xcfilelist",
			);
			runOnlyForDeploymentPostprocessing = 0;
			shellPath = /bin/sh;
			shellScript = "\"${PODS_ROOT}/Target Support Files/Pods-Aqarak/Pods-Aqarak-resources.sh\"\n";
			showEnvVarsInLog = 0;
		};
/* End PBXShellScriptBuildPhase section */

/* Begin PBXSourcesBuildPhase section */
		FA75469B26BEA1AE00C0C4D9 /* Sources */ = {
			isa = PBXSourcesBuildPhase;
			buildActionMask = 2147483647;
			files = (
				FA7546D326BEA51900C0C4D9 /* VarUserDefault.swift in Sources */,
				FA75470E26BED35B00C0C4D9 /* About.swift in Sources */,
				FA7546F926BEBE6C00C0C4D9 /* FountEx.swift in Sources */,
				FA75471926BEE1A000C0C4D9 /* PlanetProduct.swift in Sources */,
				FA75471226BED38400C0C4D9 /* Profile.swift in Sources */,
				FA7546A526BEA1AE00C0C4D9 /* ContentView.swift in Sources */,
				FA7546D526BEA52600C0C4D9 /* ObjectUserDefault.swift in Sources */,
				FA7546F626BEBE1000C0C4D9 /* CTFStyleClearBackground.swift in Sources */,
				FA75472E26BEF58E00C0C4D9 /* FaveorateViewModal.swift in Sources */,
				FA7546D826BEA78500C0C4D9 /* AppInto.swift in Sources */,
				FA7546DB26BEA81E00C0C4D9 /* SignIn.swift in Sources */,
				FA75470426BEC69600C0C4D9 /* Connection.swift in Sources */,
				FA75471726BEDF5E00C0C4D9 /* checkEmailValid.swift in Sources */,
				FA7546CF26BEA49C00C0C4D9 /* Splash.swift in Sources */,
				FA75470626BEC6D600C0C4D9 /* RestAPI.swift in Sources */,
				FA75473126BEFC7800C0C4D9 /* GoogleMapsView.swift in Sources */,
				FA75471F26BEE2A300C0C4D9 /* plantModal.swift in Sources */,
				FA7546F126BEB15200C0C4D9 /* Fount.swift in Sources */,
				FA75472326BEE54600C0C4D9 /* AsyncImage.swift in Sources */,
				FA75472C26BEEFC700C0C4D9 /* Planet_Action_Button.swift in Sources */,
				FA75471026BED36800C0C4D9 /* Fav.swift in Sources */,
				FA7546FF26BEC62900C0C4D9 /* DateFunc.swift in Sources */,
				FA7546E926BEAC7200C0C4D9 /* OnboardingViewTwo.swift in Sources */,
				FA7546E526BEAC3500C0C4D9 /* OnboardingViewOne.swift in Sources */,
				FA75470B26BECC8200C0C4D9 /* menue_button_name.swift in Sources */,
				FA75473626BF023700C0C4D9 /* LocationManager.swift in Sources */,
				FA75472A26BEE5F700C0C4D9 /* ImageCacheKey.swift in Sources */,
				FA7546F426BEB73500C0C4D9 /* ColorExt.swift in Sources */,
				FA7546FC26BEBF3200C0C4D9 /* TextBindingManager.swift in Sources */,
				FA75472926BEE5F700C0C4D9 /* TemporaryImageCache.swift in Sources */,
				FA7546DE26BEA86600C0C4D9 /* Home.swift in Sources */,
				FA75470126BEC63B00C0C4D9 /* StringFunc.swift in Sources */,
				FA7546E726BEAC5500C0C4D9 /* OnboardingViewThree.swift in Sources */,
				FA75471526BED66F00C0C4D9 /* BackButton.swift in Sources */,
				FA75473926BFCE3100C0C4D9 /* PDFKitRepresentedView.swift in Sources */,
				FA75473326BF00CE00C0C4D9 /* Mapview.swift in Sources */,
				FA75472826BEE5F700C0C4D9 /* ImageLoader.swift in Sources */,
				FA75471B26BEE1AF00C0C4D9 /* PlanetDetails.swift in Sources */,
				FA75472126BEE31900C0C4D9 /* PlanetViewModal.swift in Sources */,
				FA7546E326BEA8DB00C0C4D9 /* keyboardEx.swift in Sources */,
				FA75470926BECBA200C0C4D9 /* Menue_Button.swift in Sources */,
				FA7546A326BEA1AE00C0C4D9 /* AqarakApp.swift in Sources */,
			);
			runOnlyForDeploymentPostprocessing = 0;
		};
		FA7546AC26BEA1B000C0C4D9 /* Sources */ = {
			isa = PBXSourcesBuildPhase;
			buildActionMask = 2147483647;
			files = (
				FA7546B526BEA1B000C0C4D9 /* AqarakTests.swift in Sources */,
			);
			runOnlyForDeploymentPostprocessing = 0;
		};
		FA7546B726BEA1B000C0C4D9 /* Sources */ = {
			isa = PBXSourcesBuildPhase;
			buildActionMask = 2147483647;
			files = (
				FA7546C026BEA1B000C0C4D9 /* AqarakUITests.swift in Sources */,
			);
			runOnlyForDeploymentPostprocessing = 0;
		};
/* End PBXSourcesBuildPhase section */

/* Begin PBXTargetDependency section */
		FA7546B226BEA1B000C0C4D9 /* PBXTargetDependency */ = {
			isa = PBXTargetDependency;
			target = FA75469E26BEA1AE00C0C4D9 /* Aqarak */;
			targetProxy = FA7546B126BEA1B000C0C4D9 /* PBXContainerItemProxy */;
		};
		FA7546BD26BEA1B000C0C4D9 /* PBXTargetDependency */ = {
			isa = PBXTargetDependency;
			target = FA75469E26BEA1AE00C0C4D9 /* Aqarak */;
			targetProxy = FA7546BC26BEA1B000C0C4D9 /* PBXContainerItemProxy */;
		};
/* End PBXTargetDependency section */

/* Begin XCBuildConfiguration section */
		FA7546C226BEA1B000C0C4D9 /* Debug */ = {
			isa = XCBuildConfiguration;
			buildSettings = {
				ALWAYS_SEARCH_USER_PATHS = NO;
				CLANG_ANALYZER_NONNULL = YES;
				CLANG_ANALYZER_NUMBER_OBJECT_CONVERSION = YES_AGGRESSIVE;
				CLANG_CXX_LANGUAGE_STANDARD = "gnu++14";
				CLANG_CXX_LIBRARY = "libc++";
				CLANG_ENABLE_MODULES = YES;
				CLANG_ENABLE_OBJC_ARC = YES;
				CLANG_ENABLE_OBJC_WEAK = YES;
				CLANG_WARN_BLOCK_CAPTURE_AUTORELEASING = YES;
				CLANG_WARN_BOOL_CONVERSION = YES;
				CLANG_WARN_COMMA = YES;
				CLANG_WARN_CONSTANT_CONVERSION = YES;
				CLANG_WARN_DEPRECATED_OBJC_IMPLEMENTATIONS = YES;
				CLANG_WARN_DIRECT_OBJC_ISA_USAGE = YES_ERROR;
				CLANG_WARN_DOCUMENTATION_COMMENTS = YES;
				CLANG_WARN_EMPTY_BODY = YES;
				CLANG_WARN_ENUM_CONVERSION = YES;
				CLANG_WARN_INFINITE_RECURSION = YES;
				CLANG_WARN_INT_CONVERSION = YES;
				CLANG_WARN_NON_LITERAL_NULL_CONVERSION = YES;
				CLANG_WARN_OBJC_IMPLICIT_RETAIN_SELF = YES;
				CLANG_WARN_OBJC_LITERAL_CONVERSION = YES;
				CLANG_WARN_OBJC_ROOT_CLASS = YES_ERROR;
				CLANG_WARN_QUOTED_INCLUDE_IN_FRAMEWORK_HEADER = YES;
				CLANG_WARN_RANGE_LOOP_ANALYSIS = YES;
				CLANG_WARN_STRICT_PROTOTYPES = YES;
				CLANG_WARN_SUSPICIOUS_MOVE = YES;
				CLANG_WARN_UNGUARDED_AVAILABILITY = YES_AGGRESSIVE;
				CLANG_WARN_UNREACHABLE_CODE = YES;
				CLANG_WARN__DUPLICATE_METHOD_MATCH = YES;
				COPY_PHASE_STRIP = NO;
				DEBUG_INFORMATION_FORMAT = dwarf;
				ENABLE_STRICT_OBJC_MSGSEND = YES;
				ENABLE_TESTABILITY = YES;
				GCC_C_LANGUAGE_STANDARD = gnu11;
				GCC_DYNAMIC_NO_PIC = NO;
				GCC_NO_COMMON_BLOCKS = YES;
				GCC_OPTIMIZATION_LEVEL = 0;
				GCC_PREPROCESSOR_DEFINITIONS = (
					"DEBUG=1",
					"$(inherited)",
				);
				GCC_WARN_64_TO_32_BIT_CONVERSION = YES;
				GCC_WARN_ABOUT_RETURN_TYPE = YES_ERROR;
				GCC_WARN_UNDECLARED_SELECTOR = YES;
				GCC_WARN_UNINITIALIZED_AUTOS = YES_AGGRESSIVE;
				GCC_WARN_UNUSED_FUNCTION = YES;
				GCC_WARN_UNUSED_VARIABLE = YES;
				IPHONEOS_DEPLOYMENT_TARGET = 14.5;
				MTL_ENABLE_DEBUG_INFO = INCLUDE_SOURCE;
				MTL_FAST_MATH = YES;
				ONLY_ACTIVE_ARCH = YES;
				SDKROOT = iphoneos;
				SWIFT_ACTIVE_COMPILATION_CONDITIONS = DEBUG;
				SWIFT_OPTIMIZATION_LEVEL = "-Onone";
			};
			name = Debug;
		};
		FA7546C326BEA1B000C0C4D9 /* Release */ = {
			isa = XCBuildConfiguration;
			buildSettings = {
				ALWAYS_SEARCH_USER_PATHS = NO;
				CLANG_ANALYZER_NONNULL = YES;
				CLANG_ANALYZER_NUMBER_OBJECT_CONVERSION = YES_AGGRESSIVE;
				CLANG_CXX_LANGUAGE_STANDARD = "gnu++14";
				CLANG_CXX_LIBRARY = "libc++";
				CLANG_ENABLE_MODULES = YES;
				CLANG_ENABLE_OBJC_ARC = YES;
				CLANG_ENABLE_OBJC_WEAK = YES;
				CLANG_WARN_BLOCK_CAPTURE_AUTORELEASING = YES;
				CLANG_WARN_BOOL_CONVERSION = YES;
				CLANG_WARN_COMMA = YES;
				CLANG_WARN_CONSTANT_CONVERSION = YES;
				CLANG_WARN_DEPRECATED_OBJC_IMPLEMENTATIONS = YES;
				CLANG_WARN_DIRECT_OBJC_ISA_USAGE = YES_ERROR;
				CLANG_WARN_DOCUMENTATION_COMMENTS = YES;
				CLANG_WARN_EMPTY_BODY = YES;
				CLANG_WARN_ENUM_CONVERSION = YES;
				CLANG_WARN_INFINITE_RECURSION = YES;
				CLANG_WARN_INT_CONVERSION = YES;
				CLANG_WARN_NON_LITERAL_NULL_CONVERSION = YES;
				CLANG_WARN_OBJC_IMPLICIT_RETAIN_SELF = YES;
				CLANG_WARN_OBJC_LITERAL_CONVERSION = YES;
				CLANG_WARN_OBJC_ROOT_CLASS = YES_ERROR;
				CLANG_WARN_QUOTED_INCLUDE_IN_FRAMEWORK_HEADER = YES;
				CLANG_WARN_RANGE_LOOP_ANALYSIS = YES;
				CLANG_WARN_STRICT_PROTOTYPES = YES;
				CLANG_WARN_SUSPICIOUS_MOVE = YES;
				CLANG_WARN_UNGUARDED_AVAILABILITY = YES_AGGRESSIVE;
				CLANG_WARN_UNREACHABLE_CODE = YES;
				CLANG_WARN__DUPLICATE_METHOD_MATCH = YES;
				COPY_PHASE_STRIP = NO;
				DEBUG_INFORMATION_FORMAT = "dwarf-with-dsym";
				ENABLE_NS_ASSERTIONS = NO;
				ENABLE_STRICT_OBJC_MSGSEND = YES;
				GCC_C_LANGUAGE_STANDARD = gnu11;
				GCC_NO_COMMON_BLOCKS = YES;
				GCC_WARN_64_TO_32_BIT_CONVERSION = YES;
				GCC_WARN_ABOUT_RETURN_TYPE = YES_ERROR;
				GCC_WARN_UNDECLARED_SELECTOR = YES;
				GCC_WARN_UNINITIALIZED_AUTOS = YES_AGGRESSIVE;
				GCC_WARN_UNUSED_FUNCTION = YES;
				GCC_WARN_UNUSED_VARIABLE = YES;
				IPHONEOS_DEPLOYMENT_TARGET = 14.5;
				MTL_ENABLE_DEBUG_INFO = NO;
				MTL_FAST_MATH = YES;
				SDKROOT = iphoneos;
				SWIFT_COMPILATION_MODE = wholemodule;
				SWIFT_OPTIMIZATION_LEVEL = "-O";
				VALIDATE_PRODUCT = YES;
			};
			name = Release;
		};
		FA7546C526BEA1B000C0C4D9 /* Debug */ = {
			isa = XCBuildConfiguration;
			baseConfigurationReference = 323F4CAFEE8A0CEC878DE1A1 /* Pods-Aqarak.debug.xcconfig */;
			buildSettings = {
				ASSETCATALOG_COMPILER_APPICON_NAME = AppIcon;
				ASSETCATALOG_COMPILER_GLOBAL_ACCENT_COLOR_NAME = AccentColor;
				CODE_SIGN_STYLE = Automatic;
				DEVELOPMENT_ASSET_PATHS = "\"Aqarak/Preview Content\"";
				DEVELOPMENT_TEAM = 5356BACHNF;
				ENABLE_PREVIEWS = YES;
				INFOPLIST_FILE = Aqarak/Info.plist;
				IPHONEOS_DEPLOYMENT_TARGET = 14.0;
				LD_RUNPATH_SEARCH_PATHS = (
					"$(inherited)",
					"@executable_path/Frameworks",
				);
				PRODUCT_BUNDLE_IDENTIFIER = com.ibtikar.Aqarak;
				PRODUCT_NAME = "$(TARGET_NAME)";
				SWIFT_VERSION = 5.0;
				TARGETED_DEVICE_FAMILY = 1;
			};
			name = Debug;
		};
		FA7546C626BEA1B000C0C4D9 /* Release */ = {
			isa = XCBuildConfiguration;
			baseConfigurationReference = DB7EC3FCB579CC8041C6DF79 /* Pods-Aqarak.release.xcconfig */;
			buildSettings = {
				ASSETCATALOG_COMPILER_APPICON_NAME = AppIcon;
				ASSETCATALOG_COMPILER_GLOBAL_ACCENT_COLOR_NAME = AccentColor;
				CODE_SIGN_STYLE = Automatic;
				DEVELOPMENT_ASSET_PATHS = "\"Aqarak/Preview Content\"";
				DEVELOPMENT_TEAM = 5356BACHNF;
				ENABLE_PREVIEWS = YES;
				INFOPLIST_FILE = Aqarak/Info.plist;
				IPHONEOS_DEPLOYMENT_TARGET = 14.0;
				LD_RUNPATH_SEARCH_PATHS = (
					"$(inherited)",
					"@executable_path/Frameworks",
				);
				PRODUCT_BUNDLE_IDENTIFIER = com.ibtikar.Aqarak;
				PRODUCT_NAME = "$(TARGET_NAME)";
				SWIFT_VERSION = 5.0;
				TARGETED_DEVICE_FAMILY = 1;
			};
			name = Release;
		};
		FA7546C826BEA1B000C0C4D9 /* Debug */ = {
			isa = XCBuildConfiguration;
			baseConfigurationReference = ACC52670D885D405B8E24311 /* Pods-AqarakTests.debug.xcconfig */;
			buildSettings = {
				ALWAYS_EMBED_SWIFT_STANDARD_LIBRARIES = YES;
				BUNDLE_LOADER = "$(TEST_HOST)";
				CODE_SIGN_STYLE = Automatic;
				DEVELOPMENT_TEAM = 5356BACHNF;
				INFOPLIST_FILE = AqarakTests/Info.plist;
				IPHONEOS_DEPLOYMENT_TARGET = 14.0;
				LD_RUNPATH_SEARCH_PATHS = (
					"$(inherited)",
					"@executable_path/Frameworks",
					"@loader_path/Frameworks",
				);
				PRODUCT_BUNDLE_IDENTIFIER = com.ibtikar.AqarakTests;
				PRODUCT_NAME = "$(TARGET_NAME)";
				SWIFT_VERSION = 5.0;
				TARGETED_DEVICE_FAMILY = "1,2";
				TEST_HOST = "$(BUILT_PRODUCTS_DIR)/Aqarak.app/Aqarak";
			};
			name = Debug;
		};
		FA7546C926BEA1B000C0C4D9 /* Release */ = {
			isa = XCBuildConfiguration;
			baseConfigurationReference = 8E41E33622A1A5A3ADE23060 /* Pods-AqarakTests.release.xcconfig */;
			buildSettings = {
				ALWAYS_EMBED_SWIFT_STANDARD_LIBRARIES = YES;
				BUNDLE_LOADER = "$(TEST_HOST)";
				CODE_SIGN_STYLE = Automatic;
				DEVELOPMENT_TEAM = 5356BACHNF;
				INFOPLIST_FILE = AqarakTests/Info.plist;
				IPHONEOS_DEPLOYMENT_TARGET = 14.0;
				LD_RUNPATH_SEARCH_PATHS = (
					"$(inherited)",
					"@executable_path/Frameworks",
					"@loader_path/Frameworks",
				);
				PRODUCT_BUNDLE_IDENTIFIER = com.ibtikar.AqarakTests;
				PRODUCT_NAME = "$(TARGET_NAME)";
				SWIFT_VERSION = 5.0;
				TARGETED_DEVICE_FAMILY = "1,2";
				TEST_HOST = "$(BUILT_PRODUCTS_DIR)/Aqarak.app/Aqarak";
			};
			name = Release;
		};
		FA7546CB26BEA1B000C0C4D9 /* Debug */ = {
			isa = XCBuildConfiguration;
			baseConfigurationReference = 18D4F33EDAAA92E409C605AB /* Pods-Aqarak-AqarakUITests.debug.xcconfig */;
			buildSettings = {
				ALWAYS_EMBED_SWIFT_STANDARD_LIBRARIES = YES;
				CODE_SIGN_STYLE = Automatic;
				DEVELOPMENT_TEAM = 5356BACHNF;
				INFOPLIST_FILE = AqarakUITests/Info.plist;
				LD_RUNPATH_SEARCH_PATHS = (
					"$(inherited)",
					"@executable_path/Frameworks",
					"@loader_path/Frameworks",
				);
				PRODUCT_BUNDLE_IDENTIFIER = com.ibtikar.AqarakUITests;
				PRODUCT_NAME = "$(TARGET_NAME)";
				SWIFT_VERSION = 5.0;
				TARGETED_DEVICE_FAMILY = "1,2";
				TEST_TARGET_NAME = Aqarak;
			};
			name = Debug;
		};
		FA7546CC26BEA1B000C0C4D9 /* Release */ = {
			isa = XCBuildConfiguration;
			baseConfigurationReference = A3C3C1B692A4DB5DCD0287D1 /* Pods-Aqarak-AqarakUITests.release.xcconfig */;
			buildSettings = {
				ALWAYS_EMBED_SWIFT_STANDARD_LIBRARIES = YES;
				CODE_SIGN_STYLE = Automatic;
				DEVELOPMENT_TEAM = 5356BACHNF;
				INFOPLIST_FILE = AqarakUITests/Info.plist;
				LD_RUNPATH_SEARCH_PATHS = (
					"$(inherited)",
					"@executable_path/Frameworks",
					"@loader_path/Frameworks",
				);
				PRODUCT_BUNDLE_IDENTIFIER = com.ibtikar.AqarakUITests;
				PRODUCT_NAME = "$(TARGET_NAME)";
				SWIFT_VERSION = 5.0;
				TARGETED_DEVICE_FAMILY = "1,2";
				TEST_TARGET_NAME = Aqarak;
			};
			name = Release;
		};
/* End XCBuildConfiguration section */

/* Begin XCConfigurationList section */
		FA75469A26BEA1AE00C0C4D9 /* Build configuration list for PBXProject "Aqarak" */ = {
			isa = XCConfigurationList;
			buildConfigurations = (
				FA7546C226BEA1B000C0C4D9 /* Debug */,
				FA7546C326BEA1B000C0C4D9 /* Release */,
			);
			defaultConfigurationIsVisible = 0;
			defaultConfigurationName = Release;
		};
		FA7546C426BEA1B000C0C4D9 /* Build configuration list for PBXNativeTarget "Aqarak" */ = {
			isa = XCConfigurationList;
			buildConfigurations = (
				FA7546C526BEA1B000C0C4D9 /* Debug */,
				FA7546C626BEA1B000C0C4D9 /* Release */,
			);
			defaultConfigurationIsVisible = 0;
			defaultConfigurationName = Release;
		};
		FA7546C726BEA1B000C0C4D9 /* Build configuration list for PBXNativeTarget "AqarakTests" */ = {
			isa = XCConfigurationList;
			buildConfigurations = (
				FA7546C826BEA1B000C0C4D9 /* Debug */,
				FA7546C926BEA1B000C0C4D9 /* Release */,
			);
			defaultConfigurationIsVisible = 0;
			defaultConfigurationName = Release;
		};
		FA7546CA26BEA1B000C0C4D9 /* Build configuration list for PBXNativeTarget "AqarakUITests" */ = {
			isa = XCConfigurationList;
			buildConfigurations = (
				FA7546CB26BEA1B000C0C4D9 /* Debug */,
				FA7546CC26BEA1B000C0C4D9 /* Release */,
			);
			defaultConfigurationIsVisible = 0;
			defaultConfigurationName = Release;
		};
/* End XCConfigurationList section */
	};
	rootObject = FA75469726BEA1AE00C0C4D9 /* Project object */;
}
